{
  "name": "is-feces",
  "version": "0.1.0",
  "lockfileVersion": 1,
  "requires": true,
  "dependencies": {
    "ansi-colors": {
      "version": "3.2.1",
      "resolved": "https://registry.npmjs.org/ansi-colors/-/ansi-colors-3.2.1.tgz",
      "integrity": "sha512-Xt+zb6nqgvV9SWAVp0EG3lRsHcbq5DDgqjPPz6pwgtj6RKz65zGXMNa82oJfOSBA/to6GmRP7Dr+6o+kbApTzQ=="
    }
  }
}
